
Microsoft Visual Studio Solution File, Format Version 12.00
# Visual Studio Version 17
VisualStudioVersion = 17.6.33723.286
MinimumVisualStudioVersion = 10.0.40219.1
Project("{9A19103F-16F7-4668-BE54-9A1E7A4F7556}") = "OMV.Common", "OMV.Common.csproj", "{6C360803-0B23-4D27-A0EF-67529E348531}"
EndProject
Project("{9A19103F-16F7-4668-BE54-9A1E7A4F7556}") = "OMV.Video.Database", "..\OMV.Database\OMV.Video.Database.csproj", "{B7050604-2732-4CF7-B1B9-FB4152271878}"
EndProject
Project("{9A19103F-16F7-4668-BE54-9A1E7A4F7556}") = "OMV.Video.API", "..\OMV.Video.API\OMV.Video.API.csproj", "{5C704415-DBB6-45DE-997A-C08BF56E6038}"
EndProject
Project("{9A19103F-16F7-4668-BE54-9A1E7A4F7556}") = "OMV.Admin.UI", "..\OMV.Admin.UI\OMV.Admin.UI.csproj", "{5D9117EA-4A54-46C3-AEA4-F64003275DB0}"
EndProject
Global
	GlobalSection(SolutionConfigurationPlatforms) = preSolution
		Debug|Any CPU = Debug|Any CPU
		Release|Any CPU = Release|Any CPU
	EndGlobalSection
	GlobalSection(ProjectConfigurationPlatforms) = postSolution
		{6C360803-0B23-4D27-A0EF-67529E348531}.Debug|Any CPU.ActiveCfg = Debug|Any CPU
		{6C360803-0B23-4D27-A0EF-67529E348531}.Debug|Any CPU.Build.0 = Debug|Any CPU
		{6C360803-0B23-4D27-A0EF-67529E348531}.Release|Any CPU.ActiveCfg = Release|Any CPU
		{6C360803-0B23-4D27-A0EF-67529E348531}.Release|Any CPU.Build.0 = Release|Any CPU
		{B7050604-2732-4CF7-B1B9-FB4152271878}.Debug|Any CPU.ActiveCfg = Debug|Any CPU
		{B7050604-2732-4CF7-B1B9-FB4152271878}.Debug|Any CPU.Build.0 = Debug|Any CPU
		{B7050604-2732-4CF7-B1B9-FB4152271878}.Release|Any CPU.ActiveCfg = Release|Any CPU
		{B7050604-2732-4CF7-B1B9-FB4152271878}.Release|Any CPU.Build.0 = Release|Any CPU
		{5C704415-DBB6-45DE-997A-C08BF56E6038}.Debug|Any CPU.ActiveCfg = Debug|Any CPU
		{5C704415-DBB6-45DE-997A-C08BF56E6038}.Debug|Any CPU.Build.0 = Debug|Any CPU
		{5C704415-DBB6-45DE-997A-C08BF56E6038}.Release|Any CPU.ActiveCfg = Release|Any CPU
		{5C704415-DBB6-45DE-997A-C08BF56E6038}.Release|Any CPU.Build.0 = Release|Any CPU
		{5D9117EA-4A54-46C3-AEA4-F64003275DB0}.Debug|Any CPU.ActiveCfg = Debug|Any CPU
		{5D9117EA-4A54-46C3-AEA4-F64003275DB0}.Debug|Any CPU.Build.0 = Debug|Any CPU
		{5D9117EA-4A54-46C3-AEA4-F64003275DB0}.Release|Any CPU.ActiveCfg = Release|Any CPU
		{5D9117EA-4A54-46C3-AEA4-F64003275DB0}.Release|Any CPU.Build.0 = Release|Any CPU
	EndGlobalSection
	GlobalSection(SolutionProperties) = preSolution
		HideSolutionNode = FALSE
	EndGlobalSection
	GlobalSection(ExtensibilityGlobals) = postSolution
		SolutionGuid = {683592D6-2111-49BF-85FD-DCF90DB958C3}
	EndGlobalSection
EndGlobal
